
Microsoft Visual Studio Solution File, Format Version 12.00
# Visual Studio Version 16
VisualStudioVersion = 16.0.30804.86
MinimumVisualStudioVersion = 10.0.40219.1
Project("{FAE04EC0-301F-11D3-BF4B-00C04F79EFBC}") = "SHRMDataManager", "SHRMDataManager\SHRMDataManager.csproj", "{C5F28D99-CC55-45A2-ACE5-19B9E03C8D56}"
EndProject
Project("{00D1A9C2-B5F0-4AF3-8072-F6C62B433612}") = "SHRMData", "SHRMData\SHRMData.sqlproj", "{7AB41AE0-FFBD-43C3-B23F-0209EEA52EE2}"
EndProject
Project("{FAE04EC0-301F-11D3-BF4B-00C04F79EFBC}") = "SRMDesktopUI", "SRMDesktopUI\SRMDesktopUI.csproj", "{E7DD2EE1-8140-43C2-91F7-D58ABA96E979}"
EndProject
Global
	GlobalSection(SolutionConfigurationPlatforms) = preSolution
		Debug|Any CPU = Debug|Any CPU
		Release|Any CPU = Release|Any CPU
	EndGlobalSection
	GlobalSection(ProjectConfigurationPlatforms) = postSolution
		{C5F28D99-CC55-45A2-ACE5-19B9E03C8D56}.Debug|Any CPU.ActiveCfg = Debug|Any CPU
		{C5F28D99-CC55-45A2-ACE5-19B9E03C8D56}.Debug|Any CPU.Build.0 = Debug|Any CPU
		{C5F28D99-CC55-45A2-ACE5-19B9E03C8D56}.Release|Any CPU.ActiveCfg = Release|Any CPU
		{C5F28D99-CC55-45A2-ACE5-19B9E03C8D56}.Release|Any CPU.Build.0 = Release|Any CPU
		{7AB41AE0-FFBD-43C3-B23F-0209EEA52EE2}.Debug|Any CPU.ActiveCfg = Debug|Any CPU
		{7AB41AE0-FFBD-43C3-B23F-0209EEA52EE2}.Debug|Any CPU.Build.0 = Debug|Any CPU
		{7AB41AE0-FFBD-43C3-B23F-0209EEA52EE2}.Debug|Any CPU.Deploy.0 = Debug|Any CPU
		{7AB41AE0-FFBD-43C3-B23F-0209EEA52EE2}.Release|Any CPU.ActiveCfg = Release|Any CPU
		{7AB41AE0-FFBD-43C3-B23F-0209EEA52EE2}.Release|Any CPU.Build.0 = Release|Any CPU
		{7AB41AE0-FFBD-43C3-B23F-0209EEA52EE2}.Release|Any CPU.Deploy.0 = Release|Any CPU
		{E7DD2EE1-8140-43C2-91F7-D58ABA96E979}.Debug|Any CPU.ActiveCfg = Debug|Any CPU
		{E7DD2EE1-8140-43C2-91F7-D58ABA96E979}.Debug|Any CPU.Build.0 = Debug|Any CPU
		{E7DD2EE1-8140-43C2-91F7-D58ABA96E979}.Release|Any CPU.ActiveCfg = Release|Any CPU
		{E7DD2EE1-8140-43C2-91F7-D58ABA96E979}.Release|Any CPU.Build.0 = Release|Any CPU
	EndGlobalSection
	GlobalSection(SolutionProperties) = preSolution
		HideSolutionNode = FALSE
	EndGlobalSection
	GlobalSection(ExtensibilityGlobals) = postSolution
		SolutionGuid = {665EDED9-8DCA-4E8E-9CAB-C2921AA3D6AE}
	EndGlobalSection
EndGlobal
